// !$*UTF8*$!
{
	archiveVersion = 1;
	classes = {
	};
	objectVersion = 55;
	objects = {

/* Begin PBXBuildFile section */
		401D8AB927DBB6460017D2C9 /* Algorithms in Frameworks */ = {isa = PBXBuildFile; productRef = 401D8AB827DBB6460017D2C9 /* Algorithms */; };
		4040212B27D6AFFC00220A39 /* ScreenshotButtonApp.swift in Sources */ = {isa = PBXBuildFile; fileRef = 4040212A27D6AFFC00220A39 /* ScreenshotButtonApp.swift */; };
		4040212D27D6AFFC00220A39 /* ContentView.swift in Sources */ = {isa = PBXBuildFile; fileRef = 4040212C27D6AFFC00220A39 /* ContentView.swift */; };
		4040212F27D6AFFD00220A39 /* Assets.xcassets in Resources */ = {isa = PBXBuildFile; fileRef = 4040212E27D6AFFD00220A39 /* Assets.xcassets */; };
		4040213227D6AFFD00220A39 /* Preview Assets.xcassets in Resources */ = {isa = PBXBuildFile; fileRef = 4040213127D6AFFD00220A39 /* Preview Assets.xcassets */; };
		4040213A27D6C14C00220A39 /* TakeScreenshot.swift in Sources */ = {isa = PBXBuildFile; fileRef = 4040213927D6C14C00220A39 /* TakeScreenshot.swift */; };
/* End PBXBuildFile section */

/* Begin PBXFileReference section */
		4040212727D6AFFC00220A39 /* ScreenshotButton.app */ = {isa = PBXFileReference; explicitFileType = wrapper.application; includeInIndex = 0; path = ScreenshotButton.app; sourceTree = BUILT_PRODUCTS_DIR; };
		4040212A27D6AFFC00220A39 /* ScreenshotButtonApp.swift */ = {isa = PBXFileReference; lastKnownFileType = sourcecode.swift; path = ScreenshotButtonApp.swift; sourceTree = "<group>"; };
		4040212C27D6AFFC00220A39 /* ContentView.swift */ = {isa = PBXFileReference; lastKnownFileType = sourcecode.swift; path = ContentView.swift; sourceTree = "<group>"; };
		4040212E27D6AFFD00220A39 /* Assets.xcassets */ = {isa = PBXFileReference; lastKnownFileType = folder.assetcatalog; path = Assets.xcassets; sourceTree = "<group>"; };
		4040213127D6AFFD00220A39 /* Preview Assets.xcassets */ = {isa = PBXFileReference; lastKnownFileType = folder.assetcatalog; path = "Preview Assets.xcassets"; sourceTree = "<group>"; };
		4040213327D6AFFD00220A39 /* ScreenshotButton.entitlements */ = {isa = PBXFileReference; lastKnownFileType = text.plist.entitlements; path = ScreenshotButton.entitlements; sourceTree = "<group>"; };
		4040213927D6C14C00220A39 /* TakeScreenshot.swift */ = {isa = PBXFileReference; lastKnownFileType = sourcecode.swift; path = TakeScreenshot.swift; sourceTree = "<group>"; };
		BDD6FCC0CE28DA55D3ECA710 /* Page 7.txt */ = {isa = PBXFileReference; fileEncoding = 4; lastKnownFileType = text; path = "Page 7.txt"; sourceTree = "<group>"; };
/* End PBXFileReference section */

/* Begin PBXFrameworksBuildPhase section */
		4040212427D6AFFC00220A39 /* Frameworks */ = {
			isa = PBXFrameworksBuildPhase;
			buildActionMask = 2147483647;
			files = (
				401D8AB927DBB6460017D2C9 /* Algorithms in Frameworks */,
			);
			runOnlyForDeploymentPostprocessing = 0;
		};
/* End PBXFrameworksBuildPhase section */

/* Begin PBXGroup section */
		4040211E27D6AFFC00220A39 = {
			isa = PBXGroup;
			children = (
				4040212927D6AFFC00220A39 /* ScreenshotButton */,
				4040212827D6AFFC00220A39 /* Products */,
				BDD6FFCFD9B986C898A1F700 /* Meta */,
			);
			sourceTree = "<group>";
		};
		4040212827D6AFFC00220A39 /* Products */ = {
			isa = PBXGroup;
			children = (
				4040212727D6AFFC00220A39 /* ScreenshotButton.app */,
			);
			name = Products;
			sourceTree = "<group>";
		};
		4040212927D6AFFC00220A39 /* ScreenshotButton */ = {
			isa = PBXGroup;
			children = (
				4040212A27D6AFFC00220A39 /* ScreenshotButtonApp.swift */,
				4040212C27D6AFFC00220A39 /* ContentView.swift */,
				4040212E27D6AFFD00220A39 /* Assets.xcassets */,
				4040213327D6AFFD00220A39 /* ScreenshotButton.entitlements */,
				4040213027D6AFFD00220A39 /* Preview Content */,
				4040213927D6C14C00220A39 /* TakeScreenshot.swift */,
			);
			path = ScreenshotButton;
			sourceTree = "<group>";
		};
		4040213027D6AFFD00220A39 /* Preview Content */ = {
			isa = PBXGroup;
			children = (
				4040213127D6AFFD00220A39 /* Preview Assets.xcassets */,
			);
			path = "Preview Content";
			sourceTree = "<group>";
		};
		BDD6FFCFD9B986C898A1F700 /* Meta */ = {
			isa = PBXGroup;
			children = (
				BDD6FCC0CE28DA55D3ECA710 /* Page 7.txt */,
			);
			path = Meta;
			sourceTree = "<group>";
		};
/* End PBXGroup section */

/* Begin PBXNativeTarget section */
		4040212627D6AFFC00220A39 /* ScreenshotButton */ = {
			isa = PBXNativeTarget;
			buildConfigurationList = 4040213627D6AFFD00220A39 /* Build configuration list for PBXNativeTarget "ScreenshotButton" */;
			buildPhases = (
				4040212327D6AFFC00220A39 /* Sources */,
				4040212427D6AFFC00220A39 /* Frameworks */,
				4040212527D6AFFC00220A39 /* Resources */,
			);
			buildRules = (
			);
			dependencies = (
			);
			name = ScreenshotButton;
			packageProductDependencies = (
				401D8AB827DBB6460017D2C9 /* Algorithms */,
			);
			productName = ScreenshotButton;
			productReference = 4040212727D6AFFC00220A39 /* ScreenshotButton.app */;
			productType = "com.apple.product-type.application";
		};
/* End PBXNativeTarget section */

/* Begin PBXProject section */
		4040211F27D6AFFC00220A39 /* Project object */ = {
			isa = PBXProject;
			attributes = {
				BuildIndependentTargetsInParallel = 1;
				LastSwiftUpdateCheck = 1320;
				LastUpgradeCheck = 1320;
				TargetAttributes = {
					4040212627D6AFFC00220A39 = {
						CreatedOnToolsVersion = 13.2.1;
					};
				};
			};
			buildConfigurationList = 4040212227D6AFFC00220A39 /* Build configuration list for PBXProject "ScreenshotButton" */;
			compatibilityVersion = "Xcode 13.0";
			developmentRegion = en;
			hasScannedForEncodings = 0;
			knownRegions = (
				en,
				Base,
			);
			mainGroup = 4040211E27D6AFFC00220A39;
			packageReferences = (
				401D8AB727DBB6460017D2C9 /* XCRemoteSwiftPackageReference "swift-algorithms.git" */,
			);
			productRefGroup = 4040212827D6AFFC00220A39 /* Products */;
			projectDirPath = "";
			projectRoot = "";
			targets = (
				4040212627D6AFFC00220A39 /* ScreenshotButton */,
			);
		};
/* End PBXProject section */

/* Begin PBXResourcesBuildPhase section */
		4040212527D6AFFC00220A39 /* Resources */ = {
			isa = PBXResourcesBuildPhase;
			buildActionMask = 2147483647;
			files = (
				4040213227D6AFFD00220A39 /* Preview Assets.xcassets in Resources */,
				4040212F27D6AFFD00220A39 /* Assets.xcassets in Resources */,
			);
			runOnlyForDeploymentPostprocessing = 0;
		};
/* End PBXResourcesBuildPhase section */

/* Begin PBXSourcesBuildPhase section */
		4040212327D6AFFC00220A39 /* Sources */ = {
			isa = PBXSourcesBuildPhase;
			buildActionMask = 2147483647;
			files = (
				4040213A27D6C14C00220A39 /* TakeScreenshot.swift in Sources */,
				4040212D27D6AFFC00220A39 /* ContentView.swift in Sources */,
				4040212B27D6AFFC00220A39 /* ScreenshotButtonApp.swift in Sources */,
			);
			runOnlyForDeploymentPostprocessing = 0;
		};
/* End PBXSourcesBuildPhase section */

/* Begin XCBuildConfiguration section */
		4040213427D6AFFD00220A39 /* Debug */ = {
			isa = XCBuildConfiguration;
			buildSettings = {
				ALWAYS_SEARCH_USER_PATHS = NO;
				CLANG_ANALYZER_NONNULL = YES;
				CLANG_ANALYZER_NUMBER_OBJECT_CONVERSION = YES_AGGRESSIVE;
				CLANG_CXX_LANGUAGE_STANDARD = "gnu++17";
				CLANG_CXX_LIBRARY = "libc++";
				CLANG_ENABLE_MODULES = YES;
				CLANG_ENABLE_OBJC_ARC = YES;
				CLANG_ENABLE_OBJC_WEAK = YES;
				CLANG_WARN_BLOCK_CAPTURE_AUTORELEASING = YES;
				CLANG_WARN_BOOL_CONVERSION = YES;
				CLANG_WARN_COMMA = YES;
				CLANG_WARN_CONSTANT_CONVERSION = YES;
				CLANG_WARN_DEPRECATED_OBJC_IMPLEMENTATIONS = YES;
				CLANG_WARN_DIRECT_OBJC_ISA_USAGE = YES_ERROR;
				CLANG_WARN_DOCUMENTATION_COMMENTS = YES;
				CLANG_WARN_EMPTY_BODY = YES;
				CLANG_WARN_ENUM_CONVERSION = YES;
				CLANG_WARN_INFINITE_RECURSION = YES;
				CLANG_WARN_INT_CONVERSION = YES;
				CLANG_WARN_NON_LITERAL_NULL_CONVERSION = YES;
				CLANG_WARN_OBJC_IMPLICIT_RETAIN_SELF = YES;
				CLANG_WARN_OBJC_LITERAL_CONVERSION = YES;
				CLANG_WARN_OBJC_ROOT_CLASS = YES_ERROR;
				CLANG_WARN_QUOTED_INCLUDE_IN_FRAMEWORK_HEADER = YES;
				CLANG_WARN_RANGE_LOOP_ANALYSIS = YES;
				CLANG_WARN_STRICT_PROTOTYPES = YES;
				CLANG_WARN_SUSPICIOUS_MOVE = YES;
				CLANG_WARN_UNGUARDED_AVAILABILITY = YES_AGGRESSIVE;
				CLANG_WARN_UNREACHABLE_CODE = YES;
				CLANG_WARN__DUPLICATE_METHOD_MATCH = YES;
				COPY_PHASE_STRIP = NO;
				DEBUG_INFORMATION_FORMAT = dwarf;
				ENABLE_STRICT_OBJC_MSGSEND = YES;
				ENABLE_TESTABILITY = YES;
				GCC_C_LANGUAGE_STANDARD = gnu11;
				GCC_DYNAMIC_NO_PIC = NO;
				GCC_NO_COMMON_BLOCKS = YES;
				GCC_OPTIMIZATION_LEVEL = 0;
				GCC_PREPROCESSOR_DEFINITIONS = (
					"DEBUG=1",
					"$(inherited)",
				);
				GCC_WARN_64_TO_32_BIT_CONVERSION = YES;
				GCC_WARN_ABOUT_RETURN_TYPE = YES_ERROR;
				GCC_WARN_UNDECLARED_SELECTOR = YES;
				GCC_WARN_UNINITIALIZED_AUTOS = YES_AGGRESSIVE;
				GCC_WARN_UNUSED_FUNCTION = YES;
				GCC_WARN_UNUSED_VARIABLE = YES;
				MACOSX_DEPLOYMENT_TARGET = 12.1;
				MTL_ENABLE_DEBUG_INFO = INCLUDE_SOURCE;
				MTL_FAST_MATH = YES;
				ONLY_ACTIVE_ARCH = YES;
				SDKROOT = macosx;
				SWIFT_ACTIVE_COMPILATION_CONDITIONS = DEBUG;
				SWIFT_OPTIMIZATION_LEVEL = "-Onone";
			};
			name = Debug;
		};
		4040213527D6AFFD00220A39 /* Release */ = {
			isa = XCBuildConfiguration;
			buildSettings = {
				ALWAYS_SEARCH_USER_PATHS = NO;
				CLANG_ANALYZER_NONNULL = YES;
				CLANG_ANALYZER_NUMBER_OBJECT_CONVERSION = YES_AGGRESSIVE;
				CLANG_CXX_LANGUAGE_STANDARD = "gnu++17";
				CLANG_CXX_LIBRARY = "libc++";
				CLANG_ENABLE_MODULES = YES;
				CLANG_ENABLE_OBJC_ARC = YES;
				CLANG_ENABLE_OBJC_WEAK = YES;
				CLANG_WARN_BLOCK_CAPTURE_AUTORELEASING = YES;
				CLANG_WARN_BOOL_CONVERSION = YES;
				CLANG_WARN_COMMA = YES;
				CLANG_WARN_CONSTANT_CONVERSION = YES;
				CLANG_WARN_DEPRECATED_OBJC_IMPLEMENTATIONS = YES;
				CLANG_WARN_DIRECT_OBJC_ISA_USAGE = YES_ERROR;
				CLANG_WARN_DOCUMENTATION_COMMENTS = YES;
				CLANG_WARN_EMPTY_BODY = YES;
				CLANG_WARN_ENUM_CONVERSION = YES;
				CLANG_WARN_INFINITE_RECURSION = YES;
				CLANG_WARN_INT_CONVERSION = YES;
				CLANG_WARN_NON_LITERAL_NULL_CONVERSION = YES;
				CLANG_WARN_OBJC_IMPLICIT_RETAIN_SELF = YES;
				CLANG_WARN_OBJC_LITERAL_CONVERSION = YES;
				CLANG_WARN_OBJC_ROOT_CLASS = YES_ERROR;
				CLANG_WARN_QUOTED_INCLUDE_IN_FRAMEWORK_HEADER = YES;
				CLANG_WARN_RANGE_LOOP_ANALYSIS = YES;
				CLANG_WARN_STRICT_PROTOTYPES = YES;
				CLANG_WARN_SUSPICIOUS_MOVE = YES;
				CLANG_WARN_UNGUARDED_AVAILABILITY = YES_AGGRESSIVE;
				CLANG_WARN_UNREACHABLE_CODE = YES;
				CLANG_WARN__DUPLICATE_METHOD_MATCH = YES;
				COPY_PHASE_STRIP = NO;
				DEBUG_INFORMATION_FORMAT = "dwarf-with-dsym";
				ENABLE_NS_ASSERTIONS = NO;
				ENABLE_STRICT_OBJC_MSGSEND = YES;
				GCC_C_LANGUAGE_STANDARD = gnu11;
				GCC_NO_COMMON_BLOCKS = YES;
				GCC_WARN_64_TO_32_BIT_CONVERSION = YES;
				GCC_WARN_ABOUT_RETURN_TYPE = YES_ERROR;
				GCC_WARN_UNDECLARED_SELECTOR = YES;
				GCC_WARN_UNINITIALIZED_AUTOS = YES_AGGRESSIVE;
				GCC_WARN_UNUSED_FUNCTION = YES;
				GCC_WARN_UNUSED_VARIABLE = YES;
				MACOSX_DEPLOYMENT_TARGET = 12.1;
				MTL_ENABLE_DEBUG_INFO = NO;
				MTL_FAST_MATH = YES;
				SDKROOT = macosx;
				SWIFT_COMPILATION_MODE = wholemodule;
				SWIFT_OPTIMIZATION_LEVEL = "-O";
			};
			name = Release;
		};
		4040213727D6AFFD00220A39 /* Debug */ = {
			isa = XCBuildConfiguration;
			buildSettings = {
				ASSETCATALOG_COMPILER_APPICON_NAME = AppIcon;
				ASSETCATALOG_COMPILER_GLOBAL_ACCENT_COLOR_NAME = AccentColor;
				CODE_SIGN_ENTITLEMENTS = ScreenshotButton/ScreenshotButton.entitlements;
				CODE_SIGN_STYLE = Manual;
				COMBINE_HIDPI_IMAGES = YES;
				CURRENT_PROJECT_VERSION = 1;
				DEVELOPMENT_ASSET_PATHS = "\"ScreenshotButton/Preview Content\"";
				DEVELOPMENT_TEAM = 4EC72DECN9;
				ENABLE_PREVIEWS = YES;
				GENERATE_INFOPLIST_FILE = YES;
				INFOPLIST_KEY_NSHumanReadableCopyright = "";
				LD_RUNPATH_SEARCH_PATHS = (
					"$(inherited)",
					"@executable_path/../Frameworks",
				);
				MARKETING_VERSION = 1.0;
				PRODUCT_BUNDLE_IDENTIFIER = com.blueberrychopsticks.ScreenshotButton;
				PRODUCT_NAME = "$(TARGET_NAME)";
				PROVISIONING_PROFILE_SPECIFIER = "";
				SWIFT_EMIT_LOC_STRINGS = YES;
				SWIFT_VERSION = 5.0;
			};
			name = Debug;
		};
		4040213827D6AFFD00220A39 /* Release */ = {
			isa = XCBuildConfiguration;
			buildSettings = {
				ASSETCATALOG_COMPILER_APPICON_NAME = AppIcon;
				ASSETCATALOG_COMPILER_GLOBAL_ACCENT_COLOR_NAME = AccentColor;
				CODE_SIGN_ENTITLEMENTS = ScreenshotButton/ScreenshotButton.entitlements;
				CODE_SIGN_STYLE = Manual;
				COMBINE_HIDPI_IMAGES = YES;
				CURRENT_PROJECT_VERSION = 1;
				DEVELOPMENT_ASSET_PATHS = "\"ScreenshotButton/Preview Content\"";
				DEVELOPMENT_TEAM = 4EC72DECN9;
				ENABLE_PREVIEWS = YES;
				GENERATE_INFOPLIST_FILE = YES;
				INFOPLIST_KEY_NSHumanReadableCopyright = "";
				LD_RUNPATH_SEARCH_PATHS = (
					"$(inherited)",
					"@executable_path/../Frameworks",
				);
				MARKETING_VERSION = 1.0;
				PRODUCT_BUNDLE_IDENTIFIER = com.blueberrychopsticks.ScreenshotButton;
				PRODUCT_NAME = "$(TARGET_NAME)";
				PROVISIONING_PROFILE_SPECIFIER = "";
				SWIFT_EMIT_LOC_STRINGS = YES;
				SWIFT_VERSION = 5.0;
			};
			name = Release;
		};
/* End XCBuildConfiguration section */

/* Begin XCConfigurationList section */
		4040212227D6AFFC00220A39 /* Build configuration list for PBXProject "ScreenshotButton" */ = {
			isa = XCConfigurationList;
			buildConfigurations = (
				4040213427D6AFFD00220A39 /* Debug */,
				4040213527D6AFFD00220A39 /* Release */,
			);
			defaultConfigurationIsVisible = 0;
			defaultConfigurationName = Release;
		};
		4040213627D6AFFD00220A39 /* Build configuration list for PBXNativeTarget "ScreenshotButton" */ = {
			isa = XCConfigurationList;
			buildConfigurations = (
				4040213727D6AFFD00220A39 /* Debug */,
				4040213827D6AFFD00220A39 /* Release */,
			);
			defaultConfigurationIsVisible = 0;
			defaultConfigurationName = Release;
		};
/* End XCConfigurationList section */

/* Begin XCRemoteSwiftPackageReference section */
		401D8AB727DBB6460017D2C9 /* XCRemoteSwiftPackageReference "swift-algorithms.git" */ = {
			isa = XCRemoteSwiftPackageReference;
			repositoryURL = "https://github.com/apple/swift-algorithms.git";
			requirement = {
				kind = upToNextMajorVersion;
				minimumVersion = 1.0.0;
			};
		};
/* End XCRemoteSwiftPackageReference section */

/* Begin XCSwiftPackageProductDependency section */
		401D8AB827DBB6460017D2C9 /* Algorithms */ = {
			isa = XCSwiftPackageProductDependency;
			package = 401D8AB727DBB6460017D2C9 /* XCRemoteSwiftPackageReference "swift-algorithms.git" */;
			productName = Algorithms;
		};
/* End XCSwiftPackageProductDependency section */
	};
	rootObject = 4040211F27D6AFFC00220A39 /* Project object */;
}
